Microsoft Visual Studio Solution File, Format Version 12.00
# Visual Studio 2013
VisualStudioVersion = 12.0.21005.1
MinimumVisualStudioVersion = 10.0.40219.1
Project("{8BC9CEB8-8B4A-11D0-8D11-00A0C91BC942}") = "DecodeReport", "DecodeReport\DecodeReport.vcxproj", "{FF6F3C9B-689C-D26F-0563-9D12D6F6565B}"
	ProjectSection(ProjectDependencies) = postProject
		{4B6F587C-7C59-4481-FBB9-CA44380D0CBF} = {4B6F587C-7C59-4481-FBB9-CA44380D0CBF}
	EndProjectSection
EndProject
Project("{8BC9CEB8-8B4A-11D0-8D11-00A0C91BC942}") = "DedicatedServer", "DedicatedServer\DedicatedServer.vcxproj", "{072EF3A9-482A-79A5-D364-2ECDD95B8029}"
	ProjectSection(ProjectDependencies) = postProject
		{4B6F587C-7C59-4481-FBB9-CA44380D0CBF} = {4B6F587C-7C59-4481-FBB9-CA44380D0CBF}
		{D9F67AA1-970A-BFDD-6BE9-BD0CDCE98A10} = {D9F67AA1-970A-BFDD-6BE9-BD0CDCE98A10}
		{4410EEB1-AFAD-A936-2168-716C245D36D5} = {4410EEB1-AFAD-A936-2168-716C245D36D5}
	EndProjectSection
EndProject
Project("{8BC9CEB8-8B4A-11D0-8D11-00A0C91BC942}") = "Depend", "Depend\Depend.vcxproj", "{8AE1F6E0-5806-D5E5-31B6-466EFE0290B3}"
	ProjectSection(ProjectDependencies) = postProject
		{4B6F587C-7C59-4481-FBB9-CA44380D0CBF} = {4B6F587C-7C59-4481-FBB9-CA44380D0CBF}
	EndProjectSection
EndProject
Project("{8BC9CEB8-8B4A-11D0-8D11-00A0C91BC942}") = "Ecc", "Ecc\Ecc.vcxproj", "{1F46FD81-1A15-7E2C-7C68-84AB43BC0B05}"
EndProject
Project("{8BC9CEB8-8B4A-11D0-8D11-00A0C91BC942}") = "Engine", "Engine\Engine.vcxproj", "{4B6F587C-7C59-4481-FBB9-CA44380D0CBF}"
	ProjectSection(ProjectDependencies) = postProject
		{1F46FD81-1A15-7E2C-7C68-84AB43BC0B05} = {1F46FD81-1A15-7E2C-7C68-84AB43BC0B05}
	EndProjectSection
EndProject
Project("{8BC9CEB8-8B4A-11D0-8D11-00A0C91BC942}") = "EngineGUI", "EngineGUI\EngineGUI.vcxproj", "{870758F3-5C2F-D196-2A89-CC336EBE7779}"
	ProjectSection(ProjectDependencies) = postProject
		{4B6F587C-7C59-4481-FBB9-CA44380D0CBF} = {4B6F587C-7C59-4481-FBB9-CA44380D0CBF}
	EndProjectSection
EndProject
Project("{8BC9CEB8-8B4A-11D0-8D11-00A0C91BC942}") = "EntitiesMP", "EntitiesMP\EntitiesMP.vcxproj", "{D9F67AA1-970A-BFDD-6BE9-BD0CDCE98A10}"
	ProjectSection(ProjectDependencies) = postProject
		{4B6F587C-7C59-4481-FBB9-CA44380D0CBF} = {4B6F587C-7C59-4481-FBB9-CA44380D0CBF}
		{1F46FD81-1A15-7E2C-7C68-84AB43BC0B05} = {1F46FD81-1A15-7E2C-7C68-84AB43BC0B05}
	EndProjectSection
EndProject
Project("{8BC9CEB8-8B4A-11D0-8D11-00A0C91BC942}") = "GameGUIMP", "GameGUIMP\GameGUIMP.vcxproj", "{3EC2357F-FA36-9DF7-FFC4-AF9C03777DBE}"
	ProjectSection(ProjectDependencies) = postProject
		{4410EEB1-AFAD-A936-2168-716C245D36D5} = {4410EEB1-AFAD-A936-2168-716C245D36D5}
		{870758F3-5C2F-D196-2A89-CC336EBE7779} = {870758F3-5C2F-D196-2A89-CC336EBE7779}
	EndProjectSection
EndProject
Project("{8BC9CEB8-8B4A-11D0-8D11-00A0C91BC942}") = "GameMP", "GameMP\GameMP.vcxproj", "{4410EEB1-AFAD-A936-2168-716C245D36D5}"
	ProjectSection(ProjectDependencies) = postProject
		{D9F67AA1-970A-BFDD-6BE9-BD0CDCE98A10} = {D9F67AA1-970A-BFDD-6BE9-BD0CDCE98A10}
	EndProjectSection
EndProject
Project("{8BC9CEB8-8B4A-11D0-8D11-00A0C91BC942}") = "LWSkaExporter", "LWSkaExporter\LWSkaExporter.vcxproj", "{ACF94A1E-A365-0A7E-A849-CBA468D5EFCF}"
EndProject
Project("{8BC9CEB8-8B4A-11D0-8D11-00A0C91BC942}") = "MakeFONT", "MakeFONT\MakeFONT.vcxproj", "{ABD12F55-02CD-418D-3393-CF6F09A415F2}"
	ProjectSection(ProjectDependencies) = postProject
		{4B6F587C-7C59-4481-FBB9-CA44380D0CBF} = {4B6F587C-7C59-4481-FBB9-CA44380D0CBF}
	EndProjectSection
EndProject
Project("{8BC9CEB8-8B4A-11D0-8D11-00A0C91BC942}") = "Modeler", "Modeler\Modeler.vcxproj", "{9E0BA4A5-61AD-9CF5-AC0D-50DAB6639605}"
	ProjectSection(ProjectDependencies) = postProject
		{870758F3-5C2F-D196-2A89-CC336EBE7779} = {870758F3-5C2F-D196-2A89-CC336EBE7779}
	EndProjectSection
EndProject
Project("{8BC9CEB8-8B4A-11D0-8D11-00A0C91BC942}") = "RCon", "RCon\RCon.vcxproj", "{BD59BFB2-B39D-6348-273D-48385E685C3D}"
	ProjectSection(ProjectDependencies) = postProject
		{4B6F587C-7C59-4481-FBB9-CA44380D0CBF} = {4B6F587C-7C59-4481-FBB9-CA44380D0CBF}
	EndProjectSection
EndProject
Project("{8BC9CEB8-8B4A-11D0-8D11-00A0C91BC942}") = "SeriousSam", "SeriousSam\SeriousSam.vcxproj", "{F0E01B8A-1C93-85CB-693E-B9CA24A27168}"
	ProjectSection(ProjectDependencies) = postProject
		{4B6F587C-7C59-4481-FBB9-CA44380D0CBF} = {4B6F587C-7C59-4481-FBB9-CA44380D0CBF}
		{D9F67AA1-970A-BFDD-6BE9-BD0CDCE98A10} = {D9F67AA1-970A-BFDD-6BE9-BD0CDCE98A10}
		{4410EEB1-AFAD-A936-2168-716C245D36D5} = {4410EEB1-AFAD-A936-2168-716C245D36D5}
	EndProjectSection
EndProject
Project("{8BC9CEB8-8B4A-11D0-8D11-00A0C91BC942}") = "SeriousSkaStudio", "SeriousSkaStudio\SeriousSkaStudio.vcxproj", "{CC94A769-3B63-008D-0B03-525791C804D1}"
	ProjectSection(ProjectDependencies) = postProject
		{4B6F587C-7C59-4481-FBB9-CA44380D0CBF} = {4B6F587C-7C59-4481-FBB9-CA44380D0CBF}
		{AC040397-6FEA-E9B2-2B28-5BB08E1607A1} = {AC040397-6FEA-E9B2-2B28-5BB08E1607A1}
		{870758F3-5C2F-D196-2A89-CC336EBE7779} = {870758F3-5C2F-D196-2A89-CC336EBE7779}
	EndProjectSection
EndProject
Project("{8BC9CEB8-8B4A-11D0-8D11-00A0C91BC942}") = "Shaders", "Shaders\Shaders.vcxproj", "{AC040397-6FEA-E9B2-2B28-5BB08E1607A1}"
	ProjectSection(ProjectDependencies) = postProject
		{4B6F587C-7C59-4481-FBB9-CA44380D0CBF} = {4B6F587C-7C59-4481-FBB9-CA44380D0CBF}
	EndProjectSection
EndProject
Project("{8BC9CEB8-8B4A-11D0-8D11-00A0C91BC942}") = "WorldEditor", "WorldEditor\WorldEditor.vcxproj", "{DC47DA88-14E2-0634-61C5-7CEEC46A45C2}"
	ProjectSection(ProjectDependencies) = postProject
		{3EC2357F-FA36-9DF7-FFC4-AF9C03777DBE} = {3EC2357F-FA36-9DF7-FFC4-AF9C03777DBE}
		{AC040397-6FEA-E9B2-2B28-5BB08E1607A1} = {AC040397-6FEA-E9B2-2B28-5BB08E1607A1}
	EndProjectSection
EndProject
Project("{8BC9CEB8-8B4A-11D0-8D11-00A0C91BC942}") = "libogg", "libogg\libogg_dynamic.vcxproj", "{15CBFEFF-7965-41F5-B4E2-21E8795C9159}"
EndProject
Project("{8BC9CEB8-8B4A-11D0-8D11-00A0C91BC942}") = "libvorbisfile", "libvorbis\libvorbisfile_dynamic.vcxproj", "{CEBDE98B-A6AA-46E6-BC79-FAAF823DB9EC}"
EndProject
Project("{8BC9CEB8-8B4A-11D0-8D11-00A0C91BC942}") = "libvorbis", "libvorbis\libvorbis_dynamic.vcxproj", "{3A214E06-B95E-4D61-A291-1F8DF2EC10FD}"
	ProjectSection(ProjectDependencies) = postProject
		{15CBFEFF-7965-41F5-B4E2-21E8795C9159} = {15CBFEFF-7965-41F5-B4E2-21E8795C9159}
	EndProjectSection
EndProject
Global
	GlobalSection(SolutionConfigurationPlatforms) = preSolution
		Debug|Win32 = Debug|Win32
		Release|Win32 = Release|Win32
		Template|Win32 = Template|Win32
	EndGlobalSection
	GlobalSection(ProjectConfigurationPlatforms) = postSolution
		{FF6F3C9B-689C-D26F-0563-9D12D6F6565B}.Debug|Win32.ActiveCfg = Debug|Win32
		{FF6F3C9B-689C-D26F-0563-9D12D6F6565B}.Debug|Win32.Build.0 = Debug|Win32
		{FF6F3C9B-689C-D26F-0563-9D12D6F6565B}.Release|Win32.ActiveCfg = Release|Win32
		{FF6F3C9B-689C-D26F-0563-9D12D6F6565B}.Release|Win32.Build.0 = Release|Win32
		{FF6F3C9B-689C-D26F-0563-9D12D6F6565B}.Template|Win32.ActiveCfg = Template|Win32
		{FF6F3C9B-689C-D26F-0563-9D12D6F6565B}.Template|Win32.Build.0 = Template|Win32
		{072EF3A9-482A-79A5-D364-2ECDD95B8029}.Debug|Win32.ActiveCfg = Debug|Win32
		{072EF3A9-482A-79A5-D364-2ECDD95B8029}.Debug|Win32.Build.0 = Debug|Win32
		{072EF3A9-482A-79A5-D364-2ECDD95B8029}.Release|Win32.ActiveCfg = Release|Win32
		{072EF3A9-482A-79A5-D364-2ECDD95B8029}.Release|Win32.Build.0 = Release|Win32
		{072EF3A9-482A-79A5-D364-2ECDD95B8029}.Template|Win32.ActiveCfg = Template|Win32
		{072EF3A9-482A-79A5-D364-2ECDD95B8029}.Template|Win32.Build.0 = Template|Win32
		{8AE1F6E0-5806-D5E5-31B6-466EFE0290B3}.Debug|Win32.ActiveCfg = Debug|Win32
		{8AE1F6E0-5806-D5E5-31B6-466EFE0290B3}.Debug|Win32.Build.0 = Debug|Win32
		{8AE1F6E0-5806-D5E5-31B6-466EFE0290B3}.Release|Win32.ActiveCfg = Release|Win32
		{8AE1F6E0-5806-D5E5-31B6-466EFE0290B3}.Release|Win32.Build.0 = Release|Win32
		{8AE1F6E0-5806-D5E5-31B6-466EFE0290B3}.Template|Win32.ActiveCfg = Template|Win32
		{8AE1F6E0-5806-D5E5-31B6-466EFE0290B3}.Template|Win32.Build.0 = Template|Win32
		{1F46FD81-1A15-7E2C-7C68-84AB43BC0B05}.Debug|Win32.ActiveCfg = Debug|Win32
		{1F46FD81-1A15-7E2C-7C68-84AB43BC0B05}.Debug|Win32.Build.0 = Debug|Win32
		{1F46FD81-1A15-7E2C-7C68-84AB43BC0B05}.Release|Win32.ActiveCfg = Release|Win32
		{1F46FD81-1A15-7E2C-7C68-84AB43BC0B05}.Release|Win32.Build.0 = Release|Win32
		{1F46FD81-1A15-7E2C-7C68-84AB43BC0B05}.Template|Win32.ActiveCfg = Template|Win32
		{1F46FD81-1A15-7E2C-7C68-84AB43BC0B05}.Template|Win32.Build.0 = Template|Win32
		{4B6F587C-7C59-4481-FBB9-CA44380D0CBF}.Debug|Win32.ActiveCfg = Debug|Win32
		{4B6F587C-7C59-4481-FBB9-CA44380D0CBF}.Debug|Win32.Build.0 = Debug|Win32
		{4B6F587C-7C59-4481-FBB9-CA44380D0CBF}.Release|Win32.ActiveCfg = Release|Win32
		{4B6F587C-7C59-4481-FBB9-CA44380D0CBF}.Release|Win32.Build.0 = Release|Win32
		{4B6F587C-7C59-4481-FBB9-CA44380D0CBF}.Template|Win32.ActiveCfg = Template|Win32
		{4B6F587C-7C59-4481-FBB9-CA44380D0CBF}.Template|Win32.Build.0 = Template|Win32
		{870758F3-5C2F-D196-2A89-CC336EBE7779}.Debug|Win32.ActiveCfg = Debug|Win32
		{870758F3-5C2F-D196-2A89-CC336EBE7779}.Debug|Win32.Build.0 = Debug|Win32
		{870758F3-5C2F-D196-2A89-CC336EBE7779}.Release|Win32.ActiveCfg = Release|Win32
		{870758F3-5C2F-D196-2A89-CC336EBE7779}.Release|Win32.Build.0 = Release|Win32
		{870758F3-5C2F-D196-2A89-CC336EBE7779}.Template|Win32.ActiveCfg = Template|Win32
		{870758F3-5C2F-D196-2A89-CC336EBE7779}.Template|Win32.Build.0 = Template|Win32
		{D9F67AA1-970A-BFDD-6BE9-BD0CDCE98A10}.Debug|Win32.ActiveCfg = Debug|Win32
		{D9F67AA1-970A-BFDD-6BE9-BD0CDCE98A10}.Debug|Win32.Build.0 = Debug|Win32
		{D9F67AA1-970A-BFDD-6BE9-BD0CDCE98A10}.Release|Win32.ActiveCfg = Release|Win32
		{D9F67AA1-970A-BFDD-6BE9-BD0CDCE98A10}.Release|Win32.Build.0 = Release|Win32
		{D9F67AA1-970A-BFDD-6BE9-BD0CDCE98A10}.Template|Win32.ActiveCfg = Template|Win32
		{D9F67AA1-970A-BFDD-6BE9-BD0CDCE98A10}.Template|Win32.Build.0 = Template|Win32
		{3EC2357F-FA36-9DF7-FFC4-AF9C03777DBE}.Debug|Win32.ActiveCfg = Debug|Win32
		{3EC2357F-FA36-9DF7-FFC4-AF9C03777DBE}.Debug|Win32.Build.0 = Debug|Win32
		{3EC2357F-FA36-9DF7-FFC4-AF9C03777DBE}.Release|Win32.ActiveCfg = Release|Win32
		{3EC2357F-FA36-9DF7-FFC4-AF9C03777DBE}.Release|Win32.Build.0 = Release|Win32
		{3EC2357F-FA36-9DF7-FFC4-AF9C03777DBE}.Template|Win32.ActiveCfg = Template|Win32
		{3EC2357F-FA36-9DF7-FFC4-AF9C03777DBE}.Template|Win32.Build.0 = Template|Win32
		{4410EEB1-AFAD-A936-2168-716C245D36D5}.Debug|Win32.ActiveCfg = Debug|Win32
		{4410EEB1-AFAD-A936-2168-716C245D36D5}.Debug|Win32.Build.0 = Debug|Win32
		{4410EEB1-AFAD-A936-2168-716C245D36D5}.Release|Win32.ActiveCfg = Release|Win32
		{4410EEB1-AFAD-A936-2168-716C245D36D5}.Release|Win32.Build.0 = Release|Win32
		{4410EEB1-AFAD-A936-2168-716C245D36D5}.Template|Win32.ActiveCfg = Template|Win32
		{4410EEB1-AFAD-A936-2168-716C245D36D5}.Template|Win32.Build.0 = Template|Win32
		{ACF94A1E-A365-0A7E-A849-CBA468D5EFCF}.Debug|Win32.ActiveCfg = Debug|Win32
		{ACF94A1E-A365-0A7E-A849-CBA468D5EFCF}.Debug|Win32.Build.0 = Debug|Win32
		{ACF94A1E-A365-0A7E-A849-CBA468D5EFCF}.Release|Win32.ActiveCfg = Release|Win32
		{ACF94A1E-A365-0A7E-A849-CBA468D5EFCF}.Release|Win32.Build.0 = Release|Win32
		{ACF94A1E-A365-0A7E-A849-CBA468D5EFCF}.Template|Win32.ActiveCfg = Template|Win32
		{ACF94A1E-A365-0A7E-A849-CBA468D5EFCF}.Template|Win32.Build.0 = Template|Win32
		{ABD12F55-02CD-418D-3393-CF6F09A415F2}.Debug|Win32.ActiveCfg = Debug|Win32
		{ABD12F55-02CD-418D-3393-CF6F09A415F2}.Debug|Win32.Build.0 = Debug|Win32
		{ABD12F55-02CD-418D-3393-CF6F09A415F2}.Release|Win32.ActiveCfg = Release|Win32
		{ABD12F55-02CD-418D-3393-CF6F09A415F2}.Release|Win32.Build.0 = Release|Win32
		{ABD12F55-02CD-418D-3393-CF6F09A415F2}.Template|Win32.ActiveCfg = Template|Win32
		{ABD12F55-02CD-418D-3393-CF6F09A415F2}.Template|Win32.Build.0 = Template|Win32
		{9E0BA4A5-61AD-9CF5-AC0D-50DAB6639605}.Debug|Win32.ActiveCfg = Debug|Win32
		{9E0BA4A5-61AD-9CF5-AC0D-50DAB6639605}.Debug|Win32.Build.0 = Debug|Win32
		{9E0BA4A5-61AD-9CF5-AC0D-50DAB6639605}.Release|Win32.ActiveCfg = Release|Win32
		{9E0BA4A5-61AD-9CF5-AC0D-50DAB6639605}.Release|Win32.Build.0 = Release|Win32
		{9E0BA4A5-61AD-9CF5-AC0D-50DAB6639605}.Template|Win32.ActiveCfg = Template|Win32
		{9E0BA4A5-61AD-9CF5-AC0D-50DAB6639605}.Template|Win32.Build.0 = Template|Win32
		{BD59BFB2-B39D-6348-273D-48385E685C3D}.Debug|Win32.ActiveCfg = Debug|Win32
		{BD59BFB2-B39D-6348-273D-48385E685C3D}.Debug|Win32.Build.0 = Debug|Win32
		{BD59BFB2-B39D-6348-273D-48385E685C3D}.Release|Win32.ActiveCfg = Release|Win32
		{BD59BFB2-B39D-6348-273D-48385E685C3D}.Release|Win32.Build.0 = Release|Win32
		{BD59BFB2-B39D-6348-273D-48385E685C3D}.Template|Win32.ActiveCfg = Template|Win32
		{BD59BFB2-B39D-6348-273D-48385E685C3D}.Template|Win32.Build.0 = Template|Win32
		{F0E01B8A-1C93-85CB-693E-B9CA24A27168}.Debug|Win32.ActiveCfg = Debug|Win32
		{F0E01B8A-1C93-85CB-693E-B9CA24A27168}.Debug|Win32.Build.0 = Debug|Win32
		{F0E01B8A-1C93-85CB-693E-B9CA24A27168}.Release|Win32.ActiveCfg = Release|Win32
		{F0E01B8A-1C93-85CB-693E-B9CA24A27168}.Release|Win32.Build.0 = Release|Win32
		{F0E01B8A-1C93-85CB-693E-B9CA24A27168}.Template|Win32.ActiveCfg = Template|Win32
		{F0E01B8A-1C93-85CB-693E-B9CA24A27168}.Template|Win32.Build.0 = Template|Win32
		{CC94A769-3B63-008D-0B03-525791C804D1}.Debug|Win32.ActiveCfg = Debug|Win32
		{CC94A769-3B63-008D-0B03-525791C804D1}.Debug|Win32.Build.0 = Debug|Win32
		{CC94A769-3B63-008D-0B03-525791C804D1}.Release|Win32.ActiveCfg = Release|Win32
		{CC94A769-3B63-008D-0B03-525791C804D1}.Release|Win32.Build.0 = Release|Win32
		{CC94A769-3B63-008D-0B03-525791C804D1}.Template|Win32.ActiveCfg = Template|Win32
		{CC94A769-3B63-008D-0B03-525791C804D1}.Template|Win32.Build.0 = Template|Win32
		{AC040397-6FEA-E9B2-2B28-5BB08E1607A1}.Debug|Win32.ActiveCfg = Debug|Win32
		{AC040397-6FEA-E9B2-2B28-5BB08E1607A1}.Debug|Win32.Build.0 = Debug|Win32
		{AC040397-6FEA-E9B2-2B28-5BB08E1607A1}.Release|Win32.ActiveCfg = Release|Win32
		{AC040397-6FEA-E9B2-2B28-5BB08E1607A1}.Release|Win32.Build.0 = Release|Win32
		{AC040397-6FEA-E9B2-2B28-5BB08E1607A1}.Template|Win32.ActiveCfg = Template|Win32
		{AC040397-6FEA-E9B2-2B28-5BB08E1607A1}.Template|Win32.Build.0 = Template|Win32
		{DC47DA88-14E2-0634-61C5-7CEEC46A45C2}.Debug|Win32.ActiveCfg = Debug|Win32
		{DC47DA88-14E2-0634-61C5-7CEEC46A45C2}.Debug|Win32.Build.0 = Debug|Win32
		{DC47DA88-14E2-0634-61C5-7CEEC46A45C2}.Release|Win32.ActiveCfg = Release|Win32
		{DC47DA88-14E2-0634-61C5-7CEEC46A45C2}.Release|Win32.Build.0 = Release|Win32
		{DC47DA88-14E2-0634-61C5-7CEEC46A45C2}.Template|Win32.ActiveCfg = Template|Win32
		{DC47DA88-14E2-0634-61C5-7CEEC46A45C2}.Template|Win32.Build.0 = Template|Win32
		{15CBFEFF-7965-41F5-B4E2-21E8795C9159}.Debug|Win32.ActiveCfg = Debug|Win32
		{15CBFEFF-7965-41F5-B4E2-21E8795C9159}.Debug|Win32.Build.0 = Debug|Win32
		{15CBFEFF-7965-41F5-B4E2-21E8795C9159}.Release|Win32.ActiveCfg = Release|Win32
		{15CBFEFF-7965-41F5-B4E2-21E8795C9159}.Release|Win32.Build.0 = Release|Win32
		{15CBFEFF-7965-41F5-B4E2-21E8795C9159}.Template|Win32.ActiveCfg = Release|Win32
		{15CBFEFF-7965-41F5-B4E2-21E8795C9159}.Template|Win32.Build.0 = Release|Win32
		{CEBDE98B-A6AA-46E6-BC79-FAAF823DB9EC}.Debug|Win32.ActiveCfg = Debug|Win32
		{CEBDE98B-A6AA-46E6-BC79-FAAF823DB9EC}.Debug|Win32.Build.0 = Debug|Win32
		{CEBDE98B-A6AA-46E6-BC79-FAAF823DB9EC}.Release|Win32.ActiveCfg = Release|Win32
		{CEBDE98B-A6AA-46E6-BC79-FAAF823DB9EC}.Release|Win32.Build.0 = Release|Win32
		{CEBDE98B-A6AA-46E6-BC79-FAAF823DB9EC}.Template|Win32.ActiveCfg = Release|Win32
		{CEBDE98B-A6AA-46E6-BC79-FAAF823DB9EC}.Template|Win32.Build.0 = Release|Win32
		{3A214E06-B95E-4D61-A291-1F8DF2EC10FD}.Debug|Win32.ActiveCfg = Debug|Win32
		{3A214E06-B95E-4D61-A291-1F8DF2EC10FD}.Debug|Win32.Build.0 = Debug|Win32
		{3A214E06-B95E-4D61-A291-1F8DF2EC10FD}.Release|Win32.ActiveCfg = Release|Win32
		{3A214E06-B95E-4D61-A291-1F8DF2EC10FD}.Release|Win32.Build.0 = Release|Win32
		{3A214E06-B95E-4D61-A291-1F8DF2EC10FD}.Template|Win32.ActiveCfg = Release|Win32
		{3A214E06-B95E-4D61-A291-1F8DF2EC10FD}.Template|Win32.Build.0 = Release|Win32
	EndGlobalSection
	GlobalSection(SolutionProperties) = preSolution
		HideSolutionNode = FALSE
	EndGlobalSection
EndGlobal
