<?xml version="1.0" encoding="utf-8"?>
<Project ToolsVersion="4.0" xmlns="http://schemas.microsoft.com/developer/msbuild/2003">
  <ItemGroup>
    <Filter Include="Source Files">
      <UniqueIdentifier>{57ee4002-9b18-4970-aac2-03fd1ec3f9af}</UniqueIdentifier>
      <Extensions>cpp;c;cxx;rc;def;r;odl;idl;hpj;bat</Extensions>
    </Filter>
    <Filter Include="Header Files">
      <UniqueIdentifier>{b23fc2b2-efbd-4362-9c97-81faf33d2cfd}</UniqueIdentifier>
      <Extensions>h;hpp;hxx;hm;inl</Extensions>
    </Filter>
    <Filter Include="Resource Files">
      <UniqueIdentifier>{a0a9770c-fb58-4289-aaf8-68788e19abf9}</UniqueIdentifier>
      <Extensions>ico;cur;bmp;dlg;rc2;rct;bin;rgs;gif;jpg;jpeg;jpe</Extensions>
    </Filter>
    <Filter Include="Wizard Files">
      <UniqueIdentifier>{a705b770-faa3-4caf-9ab9-bba0444a333b}</UniqueIdentifier>
    </Filter>
  </ItemGroup>
  <ItemGroup>
    <ClCompile Include="ActionsListControl.cpp">
      <Filter>Source Files</Filter>
    </ClCompile>
    <ClCompile Include="AxisListCtrl.cpp">
      <Filter>Source Files</Filter>
    </ClCompile>
    <ClCompile Include="ConsoleSymbolsCombo.cpp">
      <Filter>Source Files</Filter>
    </ClCompile>
    <ClCompile Include="DlgAudioQuality.cpp">
      <Filter>Source Files</Filter>
    </ClCompile>
    <ClCompile Include="DlgConsole.cpp">
      <Filter>Source Files</Filter>
    </ClCompile>
    <ClCompile Include="DlgEditButtonAction.cpp">
      <Filter>Source Files</Filter>
    </ClCompile>
    <ClCompile Include="DlgPlayerAppearance.cpp">
      <Filter>Source Files</Filter>
    </ClCompile>
    <ClCompile Include="DlgPlayerControls.cpp">
      <Filter>Source Files</Filter>
    </ClCompile>
    <ClCompile Include="DlgPlayerSettings.cpp">
      <Filter>Source Files</Filter>
    </ClCompile>
    <ClCompile Include="DlgRenameControls.cpp">
      <Filter>Source Files</Filter>
    </ClCompile>
    <ClCompile Include="DlgSelectPlayer.cpp">
      <Filter>Source Files</Filter>
    </ClCompile>
    <ClCompile Include="DlgVideoQuality.cpp">
      <Filter>Source Files</Filter>
    </ClCompile>
    <ClCompile Include="EditConsole.cpp">
      <Filter>Source Files</Filter>
    </ClCompile>
    <ClCompile Include="GameGUI.cpp">
      <Filter>Source Files</Filter>
    </ClCompile>
    <ClCompile Include="LocalPlayersList.cpp">
      <Filter>Source Files</Filter>
    </ClCompile>
    <ClCompile Include="PressKeyEditControl.cpp">
      <Filter>Source Files</Filter>
    </ClCompile>
    <ClCompile Include="StdAfx.cpp">
      <Filter>Source Files</Filter>
    </ClCompile>
  </ItemGroup>
  <ItemGroup>
    <ClInclude Include="ActionsListControl.h">
      <Filter>Header Files</Filter>
    </ClInclude>
    <ClInclude Include="AxisListCtrl.h">
      <Filter>Header Files</Filter>
    </ClInclude>
    <ClInclude Include="ConsoleSymbolsCombo.h">
      <Filter>Header Files</Filter>
    </ClInclude>
    <ClInclude Include="DlgAudioQuality.h">
      <Filter>Header Files</Filter>
    </ClInclude>
    <ClInclude Include="DlgConsole.h">
      <Filter>Header Files</Filter>
    </ClInclude>
    <ClInclude Include="DlgEditButtonAction.h">
      <Filter>Header Files</Filter>
    </ClInclude>
    <ClInclude Include="DlgPlayerAppearance.h">
      <Filter>Header Files</Filter>
    </ClInclude>
    <ClInclude Include="DlgPlayerControls.h">
      <Filter>Header Files</Filter>
    </ClInclude>
    <ClInclude Include="DlgPlayerSettings.h">
      <Filter>Header Files</Filter>
    </ClInclude>
    <ClInclude Include="DlgRenameControls.h">
      <Filter>Header Files</Filter>
    </ClInclude>
    <ClInclude Include="DlgSelectPlayer.h">
      <Filter>Header Files</Filter>
    </ClInclude>
    <ClInclude Include="DlgVideoQuality.h">
      <Filter>Header Files</Filter>
    </ClInclude>
    <ClInclude Include="EditConsole.h">
      <Filter>Header Files</Filter>
    </ClInclude>
    <ClInclude Include="GameGUI.h">
      <Filter>Header Files</Filter>
    </ClInclude>
    <ClInclude Include="LocalPlayersList.h">
      <Filter>Header Files</Filter>
    </ClInclude>
    <ClInclude Include="PressKeyEditControl.h">
      <Filter>Header Files</Filter>
    </ClInclude>
    <ClInclude Include="resource.h">
      <Filter>Header Files</Filter>
    </ClInclude>
    <ClInclude Include="StdAfx.h">
      <Filter>Header Files</Filter>
    </ClInclude>
  </ItemGroup>
  <ItemGroup>
    <ResourceCompile Include="GameGUI.rc">
      <Filter>Resource Files</Filter>
    </ResourceCompile>
  </ItemGroup>
  <ItemGroup>
    <CustomBuild Include="bmp00001.bmp">
      <Filter>Resource Files</Filter>
    </CustomBuild>
    <CustomBuild Include="cursor_u.bmp">
      <Filter>Resource Files</Filter>
    </CustomBuild>
    <CustomBuild Include="GameGUIMP.clw">
      <Filter>Wizard Files</Filter>
    </CustomBuild>
    <CustomBuild Include="ReadMe.txt" />
  </ItemGroup>
</Project>