<?xml version="1.0" encoding="utf-8"?>
<Project ToolsVersion="4.0" xmlns="http://schemas.microsoft.com/developer/msbuild/2003">
  <ItemGroup>
    <Filter Include="Source Files">
      <UniqueIdentifier>{10bb2730-d761-4578-95c0-cec70a18446f}</UniqueIdentifier>
      <Extensions>cpp;c;cxx;rc;def;r;odl;hpj;bat;for;f90</Extensions>
    </Filter>
    <Filter Include="Header Files">
      <UniqueIdentifier>{b2313bc1-2af4-43a8-bedc-055fdece5f85}</UniqueIdentifier>
      <Extensions>h;hpp;hxx;hm;inl;fi;fd</Extensions>
    </Filter>
    <Filter Include="Resource Files">
      <UniqueIdentifier>{581cfb2d-9f80-4531-a100-fb97388ad6c1}</UniqueIdentifier>
      <Extensions>ico;cur;bmp;dlg;rc2;rct;bin;cnt;rtf;gif;jpg;jpeg;jpe</Extensions>
    </Filter>
    <Filter Include="Wizard Files">
      <UniqueIdentifier>{7e7e7b5f-d4a7-4a8e-ab80-568057d12fdf}</UniqueIdentifier>
    </Filter>
  </ItemGroup>
  <ItemGroup>
    <ClCompile Include="ActiveTextureWnd.cpp">
      <Filter>Source Files</Filter>
    </ClCompile>
    <ClCompile Include="Browser.cpp">
      <Filter>Source Files</Filter>
    </ClCompile>
    <ClCompile Include="BrowseWindow.cpp">
      <Filter>Source Files</Filter>
    </ClCompile>
    <ClCompile Include="BrushPaletteWnd.cpp">
      <Filter>Source Files</Filter>
    </ClCompile>
    <ClCompile Include="ChildFrm.cpp">
      <Filter>Source Files</Filter>
    </ClCompile>
    <ClCompile Include="ColoredButton.cpp">
      <Filter>Source Files</Filter>
    </ClCompile>
    <ClCompile Include="ColorPaletteWnd.cpp">
      <Filter>Source Files</Filter>
    </ClCompile>
    <ClCompile Include="CSGDesitnationCombo.cpp">
      <Filter>Source Files</Filter>
    </ClCompile>
    <ClCompile Include="CtlTipOfTheDayText.cpp">
      <Filter>Source Files</Filter>
    </ClCompile>
    <ClCompile Include="CtrlAxisRadio.cpp">
      <Filter>Source Files</Filter>
    </ClCompile>
    <ClCompile Include="CtrlBrowseFile.cpp">
      <Filter>Source Files</Filter>
    </ClCompile>
    <ClCompile Include="CtrlEditBoolean.cpp">
      <Filter>Source Files</Filter>
    </ClCompile>
    <ClCompile Include="CtrlEditFlags.cpp">
      <Filter>Source Files</Filter>
    </ClCompile>
    <ClCompile Include="CtrlEditFloat.cpp">
      <Filter>Source Files</Filter>
    </ClCompile>
    <ClCompile Include="CtrlEditString.cpp">
      <Filter>Source Files</Filter>
    </ClCompile>
    <ClCompile Include="CtrlEnumCombo.cpp">
      <Filter>Source Files</Filter>
    </ClCompile>
    <ClCompile Include="CustomComboWnd.cpp">
      <Filter>Source Files</Filter>
    </ClCompile>
    <ClCompile Include="DlgAllignVertices.cpp">
      <Filter>Source Files</Filter>
    </ClCompile>
    <ClCompile Include="DlgAutoDeltaCSG.cpp">
      <Filter>Source Files</Filter>
    </ClCompile>
    <ClCompile Include="DlgAutTexturize.cpp">
      <Filter>Source Files</Filter>
    </ClCompile>
    <ClCompile Include="DlgBrowseByClass.cpp">
      <Filter>Source Files</Filter>
    </ClCompile>
    <ClCompile Include="DlgComment.cpp">
      <Filter>Source Files</Filter>
    </ClCompile>
    <ClCompile Include="DlgCreateVirtualDirectory.cpp">
      <Filter>Source Files</Filter>
    </ClCompile>
    <ClCompile Include="DlgDisplaceMapSize.cpp">
      <Filter>Source Files</Filter>
    </ClCompile>
    <ClCompile Include="DlgEditFloat.cpp">
      <Filter>Source Files</Filter>
    </ClCompile>
    <ClCompile Include="DlgEditTerrainBrush.cpp">
      <Filter>Source Files</Filter>
    </ClCompile>
    <ClCompile Include="DlgEditTerrainLayer.cpp">
      <Filter>Source Files</Filter>
    </ClCompile>
    <ClCompile Include="DlgFilterPolygonSelection.cpp">
      <Filter>Source Files</Filter>
    </ClCompile>
    <ClCompile Include="DlgFilterVertexSelection.cpp">
      <Filter>Source Files</Filter>
    </ClCompile>
    <ClCompile Include="DlgGenerateFBM.cpp">
      <Filter>Source Files</Filter>
    </ClCompile>
    <ClCompile Include="DlgLightAnimationEditor.cpp">
      <Filter>Source Files</Filter>
    </ClCompile>
    <ClCompile Include="DlgLinkTree.cpp">
      <Filter>Source Files</Filter>
    </ClCompile>
    <ClCompile Include="DlgMirrorAndStretch.cpp">
      <Filter>Source Files</Filter>
    </ClCompile>
    <ClCompile Include="DlgNumericAlpha.cpp">
      <Filter>Source Files</Filter>
    </ClCompile>
    <ClCompile Include="DlgPgGlobal.cpp">
      <Filter>Source Files</Filter>
    </ClCompile>
    <ClCompile Include="DlgPgPolygon.cpp">
      <Filter>Source Files</Filter>
    </ClCompile>
    <ClCompile Include="DlgPgPosition.cpp">
      <Filter>Source Files</Filter>
    </ClCompile>
    <ClCompile Include="DlgPgPrimitive.cpp">
      <Filter>Source Files</Filter>
    </ClCompile>
    <ClCompile Include="DlgPgRenderingStatistics.cpp">
      <Filter>Source Files</Filter>
    </ClCompile>
    <ClCompile Include="DlgPgSector.cpp">
      <Filter>Source Files</Filter>
    </ClCompile>
    <ClCompile Include="DlgPgShadow.cpp">
      <Filter>Source Files</Filter>
    </ClCompile>
    <ClCompile Include="DlgPgTerrain.cpp">
      <Filter>Source Files</Filter>
    </ClCompile>
    <ClCompile Include="DlgPgTexture.cpp">
      <Filter>Source Files</Filter>
    </ClCompile>
    <ClCompile Include="DlgPreferences.cpp">
      <Filter>Source Files</Filter>
    </ClCompile>
    <ClCompile Include="DlgProgress.cpp">
      <Filter>Source Files</Filter>
    </ClCompile>
    <ClCompile Include="DlgRenderingPreferences.cpp">
      <Filter>Source Files</Filter>
    </ClCompile>
    <ClCompile Include="DlgSelectByName.cpp">
      <Filter>Source Files</Filter>
    </ClCompile>
    <ClCompile Include="DlgSnapVertex.cpp">
      <Filter>Source Files</Filter>
    </ClCompile>
    <ClCompile Include="DlgStretchChildOffset.cpp">
      <Filter>Source Files</Filter>
    </ClCompile>
    <ClCompile Include="DlgTEOperationSettings.cpp">
      <Filter>Source Files</Filter>
    </ClCompile>
    <ClCompile Include="DlgTerrainProperties.cpp">
      <Filter>Source Files</Filter>
    </ClCompile>
    <ClCompile Include="DlgTipOfTheDay.cpp">
      <Filter>Source Files</Filter>
    </ClCompile>
    <ClCompile Include="DlgTreeShortcuts.cpp">
      <Filter>Source Files</Filter>
    </ClCompile>
    <ClCompile Include="DlgWorldSettings.cpp">
      <Filter>Source Files</Filter>
    </ClCompile>
    <ClCompile Include="EditMipSwitchDistance.cpp">
      <Filter>Source Files</Filter>
    </ClCompile>
    <ClCompile Include="EntitySelectionListBox.cpp">
      <Filter>Source Files</Filter>
    </ClCompile>
    <ClCompile Include="InfoFrame.cpp">
      <Filter>Source Files</Filter>
    </ClCompile>
    <ClCompile Include="InfoSheet.cpp">
      <Filter>Source Files</Filter>
    </ClCompile>
    <ClCompile Include="MainFrm.cpp">
      <Filter>Source Files</Filter>
    </ClCompile>
    <ClCompile Include="PrimitiveHistoryCombo.cpp">
      <Filter>Source Files</Filter>
    </ClCompile>
    <ClCompile Include="PropertyComboBar.cpp">
      <Filter>Source Files</Filter>
    </ClCompile>
    <ClCompile Include="PropertyComboBox.cpp">
      <Filter>Source Files</Filter>
    </ClCompile>
    <ClCompile Include="SkyFloat.cpp">
      <Filter>Source Files</Filter>
    </ClCompile>
    <ClCompile Include="StdAfx.cpp">
      <Filter>Source Files</Filter>
    </ClCompile>
    <ClCompile Include="TerrainEditing.cpp">
      <Filter>Source Files</Filter>
    </ClCompile>
    <ClCompile Include="TerrainInterface.cpp">
      <Filter>Source Files</Filter>
    </ClCompile>
    <ClCompile Include="ToolTipWnd.cpp">
      <Filter>Source Files</Filter>
    </ClCompile>
    <ClCompile Include="TriangularisationCombo.cpp">
      <Filter>Source Files</Filter>
    </ClCompile>
    <ClCompile Include="Viewers.cpp">
      <Filter>Source Files</Filter>
    </ClCompile>
    <ClCompile Include="ViewTexture.cpp">
      <Filter>Source Files</Filter>
    </ClCompile>
    <ClCompile Include="VirtualTreeCtrl.cpp">
      <Filter>Source Files</Filter>
    </ClCompile>
    <ClCompile Include="VirtualTreeNode.cpp">
      <Filter>Source Files</Filter>
    </ClCompile>
    <ClCompile Include="WndAnimationFrames.cpp">
      <Filter>Source Files</Filter>
    </ClCompile>
    <ClCompile Include="WndDisplayTexture.cpp">
      <Filter>Source Files</Filter>
    </ClCompile>
    <ClCompile Include="WndTerrainTilePalette.cpp">
      <Filter>Source Files</Filter>
    </ClCompile>
    <ClCompile Include="WndTestAnimation.cpp">
      <Filter>Source Files</Filter>
    </ClCompile>
    <ClCompile Include="WorldEditor.cpp">
      <Filter>Source Files</Filter>
    </ClCompile>
    <ClCompile Include="WorldEditorDoc.cpp">
      <Filter>Source Files</Filter>
    </ClCompile>
    <ClCompile Include="WorldEditorView.cpp">
      <Filter>Source Files</Filter>
    </ClCompile>
  </ItemGroup>
  <ItemGroup>
    <ResourceCompile Include="WorldEditor.rc">
      <Filter>Source Files</Filter>
    </ResourceCompile>
  </ItemGroup>
  <ItemGroup>
    <ClInclude Include="ActiveTextureWnd.h">
      <Filter>Header Files</Filter>
    </ClInclude>
    <ClInclude Include="Browser.h">
      <Filter>Header Files</Filter>
    </ClInclude>
    <ClInclude Include="browsewindow.h">
      <Filter>Header Files</Filter>
    </ClInclude>
    <ClInclude Include="BrushPaletteWnd.h">
      <Filter>Header Files</Filter>
    </ClInclude>
    <ClInclude Include="ChildFrm.h">
      <Filter>Header Files</Filter>
    </ClInclude>
    <ClInclude Include="coloredbutton.h">
      <Filter>Header Files</Filter>
    </ClInclude>
    <ClInclude Include="ColorPaletteWnd.h">
      <Filter>Header Files</Filter>
    </ClInclude>
    <ClInclude Include="CSGDesitnationCombo.h">
      <Filter>Header Files</Filter>
    </ClInclude>
    <ClInclude Include="CtlTipOfTheDayText.h">
      <Filter>Header Files</Filter>
    </ClInclude>
    <ClInclude Include="ctrlaxisradio.h">
      <Filter>Header Files</Filter>
    </ClInclude>
    <ClInclude Include="CtrlBrowseFile.h">
      <Filter>Header Files</Filter>
    </ClInclude>
    <ClInclude Include="CtrlEditBoolean.h">
      <Filter>Header Files</Filter>
    </ClInclude>
    <ClInclude Include="CtrlEditFlags.h">
      <Filter>Header Files</Filter>
    </ClInclude>
    <ClInclude Include="CtrlEditFloat.h">
      <Filter>Header Files</Filter>
    </ClInclude>
    <ClInclude Include="CtrlEditString.h">
      <Filter>Header Files</Filter>
    </ClInclude>
    <ClInclude Include="CtrlEnumCombo.h">
      <Filter>Header Files</Filter>
    </ClInclude>
    <ClInclude Include="CustomComboWnd.h">
      <Filter>Header Files</Filter>
    </ClInclude>
    <ClInclude Include="DlgAllignVertices.h">
      <Filter>Header Files</Filter>
    </ClInclude>
    <ClInclude Include="DlgAutoDeltaCSG.h">
      <Filter>Header Files</Filter>
    </ClInclude>
    <ClInclude Include="DlgAutTexturize.h">
      <Filter>Header Files</Filter>
    </ClInclude>
    <ClInclude Include="DlgBrowseByClass.h">
      <Filter>Header Files</Filter>
    </ClInclude>
    <ClInclude Include="DlgComment.h">
      <Filter>Header Files</Filter>
    </ClInclude>
    <ClInclude Include="DlgCreateVirtualDirectory.h">
      <Filter>Header Files</Filter>
    </ClInclude>
    <ClInclude Include="DlgDisplaceMapSize.h">
      <Filter>Header Files</Filter>
    </ClInclude>
    <ClInclude Include="DlgEditFloat.h">
      <Filter>Header Files</Filter>
    </ClInclude>
    <ClInclude Include="DlgEditTerrainBrush.h">
      <Filter>Header Files</Filter>
    </ClInclude>
    <ClInclude Include="DlgEditTerrainLayer.h">
      <Filter>Header Files</Filter>
    </ClInclude>
    <ClInclude Include="DlgFilterPolygonSelection.h">
      <Filter>Header Files</Filter>
    </ClInclude>
    <ClInclude Include="DlgFilterVertexSelection.h">
      <Filter>Header Files</Filter>
    </ClInclude>
    <ClInclude Include="DlgGenerateFBM.h">
      <Filter>Header Files</Filter>
    </ClInclude>
    <ClInclude Include="DlgLightAnimationEditor.h">
      <Filter>Header Files</Filter>
    </ClInclude>
    <ClInclude Include="DlgLinkTree.h">
      <Filter>Header Files</Filter>
    </ClInclude>
    <ClInclude Include="DlgMirrorAndStretch.h">
      <Filter>Header Files</Filter>
    </ClInclude>
    <ClInclude Include="DlgNumericAlpha.h">
      <Filter>Header Files</Filter>
    </ClInclude>
    <ClInclude Include="DlgPgGlobal.h">
      <Filter>Header Files</Filter>
    </ClInclude>
    <ClInclude Include="DlgPgPolygon.h">
      <Filter>Header Files</Filter>
    </ClInclude>
    <ClInclude Include="DlgPgPosition.h">
      <Filter>Header Files</Filter>
    </ClInclude>
    <ClInclude Include="DlgPgPrimitive.h">
      <Filter>Header Files</Filter>
    </ClInclude>
    <ClInclude Include="DlgPgRenderingStatistics.h">
      <Filter>Header Files</Filter>
    </ClInclude>
    <ClInclude Include="DlgPgSector.h">
      <Filter>Header Files</Filter>
    </ClInclude>
    <ClInclude Include="DlgPgShadow.h">
      <Filter>Header Files</Filter>
    </ClInclude>
    <ClInclude Include="DlgPgTerrain.h">
      <Filter>Header Files</Filter>
    </ClInclude>
    <ClInclude Include="DlgPgTexture.h">
      <Filter>Header Files</Filter>
    </ClInclude>
    <ClInclude Include="DlgPreferences.h">
      <Filter>Header Files</Filter>
    </ClInclude>
    <ClInclude Include="DlgProgress.h">
      <Filter>Header Files</Filter>
    </ClInclude>
    <ClInclude Include="DlgRenderingPreferences.h">
      <Filter>Header Files</Filter>
    </ClInclude>
    <ClInclude Include="DlgSelectByName.h">
      <Filter>Header Files</Filter>
    </ClInclude>
    <ClInclude Include="DlgSnapVertex.h">
      <Filter>Header Files</Filter>
    </ClInclude>
    <ClInclude Include="DlgStretchChildOffset.h">
      <Filter>Header Files</Filter>
    </ClInclude>
    <ClInclude Include="DlgTEOperationSettings.h">
      <Filter>Header Files</Filter>
    </ClInclude>
    <ClInclude Include="DlgTerrainProperties.h">
      <Filter>Header Files</Filter>
    </ClInclude>
    <ClInclude Include="DlgTipOfTheDay.h">
      <Filter>Header Files</Filter>
    </ClInclude>
    <ClInclude Include="DlgTreeShortcuts.h">
      <Filter>Header Files</Filter>
    </ClInclude>
    <ClInclude Include="dlgworldsettings.h">
      <Filter>Header Files</Filter>
    </ClInclude>
    <ClInclude Include="EditMipSwitchDistance.h">
      <Filter>Header Files</Filter>
    </ClInclude>
    <ClInclude Include="EntitySelectionListBox.h">
      <Filter>Header Files</Filter>
    </ClInclude>
    <ClInclude Include="InfoFrame.h">
      <Filter>Header Files</Filter>
    </ClInclude>
    <ClInclude Include="InfoSheet.h">
      <Filter>Header Files</Filter>
    </ClInclude>
    <ClInclude Include="MainFrm.h">
      <Filter>Header Files</Filter>
    </ClInclude>
    <ClInclude Include="PrimitiveHistoryCombo.h">
      <Filter>Header Files</Filter>
    </ClInclude>
    <ClInclude Include="PropertyComboBar.h">
      <Filter>Header Files</Filter>
    </ClInclude>
    <ClInclude Include="PropertyComboBox.h">
      <Filter>Header Files</Filter>
    </ClInclude>
    <ClInclude Include="SkyFloat.h">
      <Filter>Header Files</Filter>
    </ClInclude>
    <ClInclude Include="StdAfx.h">
      <Filter>Header Files</Filter>
    </ClInclude>
    <ClInclude Include="TerrainEditing.h">
      <Filter>Header Files</Filter>
    </ClInclude>
    <ClInclude Include="TerrainInterface.h">
      <Filter>Header Files</Filter>
    </ClInclude>
    <ClInclude Include="ToolTipWnd.h">
      <Filter>Header Files</Filter>
    </ClInclude>
    <ClInclude Include="TriangularisationCombo.h">
      <Filter>Header Files</Filter>
    </ClInclude>
    <ClInclude Include="Viewers.h">
      <Filter>Header Files</Filter>
    </ClInclude>
    <ClInclude Include="ViewTexture.h">
      <Filter>Header Files</Filter>
    </ClInclude>
    <ClInclude Include="VirtualTreeCtrl.h">
      <Filter>Header Files</Filter>
    </ClInclude>
    <ClInclude Include="VirtualTreeNode.h">
      <Filter>Header Files</Filter>
    </ClInclude>
    <ClInclude Include="WndAnimationFrames.h">
      <Filter>Header Files</Filter>
    </ClInclude>
    <ClInclude Include="WndDisplayTexture.h">
      <Filter>Header Files</Filter>
    </ClInclude>
    <ClInclude Include="WndTerrainTilePalette.h">
      <Filter>Header Files</Filter>
    </ClInclude>
    <ClInclude Include="WndTestAnimation.h">
      <Filter>Header Files</Filter>
    </ClInclude>
    <ClInclude Include="WorldEditor.h">
      <Filter>Header Files</Filter>
    </ClInclude>
    <ClInclude Include="WorldEditorDoc.h">
      <Filter>Header Files</Filter>
    </ClInclude>
    <ClInclude Include="WorldEditorView.h">
      <Filter>Header Files</Filter>
    </ClInclude>
  </ItemGroup>
  <ItemGroup>
    <CustomBuild Include="ReadMe.txt">
      <Filter>Source Files</Filter>
    </CustomBuild>
    <CustomBuild Include="..\..\Flesh\Data\SED_TipOfTheDay.txt">
      <Filter>Source Files</Filter>
    </CustomBuild>
    <CustomBuild Include="resource.h">
      <Filter>Header Files</Filter>
    </CustomBuild>
    <CustomBuild Include="arrowcop.cur">
      <Filter>Resource Files</Filter>
    </CustomBuild>
    <CustomBuild Include="res\bmp00001.bmp">
      <Filter>Resource Files</Filter>
    </CustomBuild>
    <CustomBuild Include="res\bmp00002.bmp">
      <Filter>Resource Files</Filter>
    </CustomBuild>
    <CustomBuild Include="res\bmp00003.bmp">
      <Filter>Resource Files</Filter>
    </CustomBuild>
    <CustomBuild Include="RES\bmp00004.bmp">
      <Filter>Resource Files</Filter>
    </CustomBuild>
    <CustomBuild Include="res\bmp00005.bmp">
      <Filter>Resource Files</Filter>
    </CustomBuild>
    <CustomBuild Include="res\bmp00006.bmp">
      <Filter>Resource Files</Filter>
    </CustomBuild>
    <CustomBuild Include="res\csg_tool.bmp">
      <Filter>Resource Files</Filter>
    </CustomBuild>
    <CustomBuild Include="RES\cur00001.cur">
      <Filter>Resource Files</Filter>
    </CustomBuild>
    <CustomBuild Include="RES\cur00002.cur">
      <Filter>Resource Files</Filter>
    </CustomBuild>
    <CustomBuild Include="RES\cur00003.cur">
      <Filter>Resource Files</Filter>
    </CustomBuild>
    <CustomBuild Include="RES\cur00004.cur">
      <Filter>Resource Files</Filter>
    </CustomBuild>
    <CustomBuild Include="res\cut_curs.ico">
      <Filter>Resource Files</Filter>
    </CustomBuild>
    <CustomBuild Include="res\cut_line.cur">
      <Filter>Resource Files</Filter>
    </CustomBuild>
    <CustomBuild Include="res\director.bmp">
      <Filter>Resource Files</Filter>
    </CustomBuild>
    <CustomBuild Include="res\ico00001.ico">
      <Filter>Resource Files</Filter>
    </CustomBuild>
    <CustomBuild Include="res\ico00002.ico">
      <Filter>Resource Files</Filter>
    </CustomBuild>
    <CustomBuild Include="res\ico00003.ico">
      <Filter>Resource Files</Filter>
    </CustomBuild>
    <CustomBuild Include="res\ico00004.ico">
      <Filter>Resource Files</Filter>
    </CustomBuild>
    <CustomBuild Include="res\ico00005.ico">
      <Filter>Resource Files</Filter>
    </CustomBuild>
    <CustomBuild Include="res\ico00006.ico">
      <Filter>Resource Files</Filter>
    </CustomBuild>
    <CustomBuild Include="res\ico00007.ico">
      <Filter>Resource Files</Filter>
    </CustomBuild>
    <CustomBuild Include="res\ico00008.ico">
      <Filter>Resource Files</Filter>
    </CustomBuild>
    <CustomBuild Include="res\ico00009.ico">
      <Filter>Resource Files</Filter>
    </CustomBuild>
    <CustomBuild Include="res\ico00010.ico">
      <Filter>Resource Files</Filter>
    </CustomBuild>
    <CustomBuild Include="res\ico00011.ico">
      <Filter>Resource Files</Filter>
    </CustomBuild>
    <CustomBuild Include="res\ico00012.ico">
      <Filter>Resource Files</Filter>
    </CustomBuild>
    <CustomBuild Include="res\ico00013.ico">
      <Filter>Resource Files</Filter>
    </CustomBuild>
    <CustomBuild Include="res\ico00014.ico">
      <Filter>Resource Files</Filter>
    </CustomBuild>
    <CustomBuild Include="res\ico00015.ico">
      <Filter>Resource Files</Filter>
    </CustomBuild>
    <CustomBuild Include="res\ico00016.ico">
      <Filter>Resource Files</Filter>
    </CustomBuild>
    <CustomBuild Include="res\ico00017.ico">
      <Filter>Resource Files</Filter>
    </CustomBuild>
    <CustomBuild Include="res\ico00018.ico">
      <Filter>Resource Files</Filter>
    </CustomBuild>
    <CustomBuild Include="res\ico00019.ico">
      <Filter>Resource Files</Filter>
    </CustomBuild>
    <CustomBuild Include="res\ico00020.ico">
      <Filter>Resource Files</Filter>
    </CustomBuild>
    <CustomBuild Include="res\ico00021.ico">
      <Filter>Resource Files</Filter>
    </CustomBuild>
    <CustomBuild Include="res\ico00022.ico">
      <Filter>Resource Files</Filter>
    </CustomBuild>
    <CustomBuild Include="res\ico00023.ico">
      <Filter>Resource Files</Filter>
    </CustomBuild>
    <CustomBuild Include="res\ico00024.ico">
      <Filter>Resource Files</Filter>
    </CustomBuild>
    <CustomBuild Include="res\ico00025.ico">
      <Filter>Resource Files</Filter>
    </CustomBuild>
    <CustomBuild Include="res\ico00026.ico">
      <Filter>Resource Files</Filter>
    </CustomBuild>
    <CustomBuild Include="RES\ico00027.ico">
      <Filter>Resource Files</Filter>
    </CustomBuild>
    <CustomBuild Include="res\icon1.ico">
      <Filter>Resource Files</Filter>
    </CustomBuild>
    <CustomBuild Include="res\idr_icon.ico">
      <Filter>Resource Files</Filter>
    </CustomBuild>
    <CustomBuild Include="res\mainfram.bmp">
      <Filter>Resource Files</Filter>
    </CustomBuild>
    <CustomBuild Include="res\mirror1.cur">
      <Filter>Resource Files</Filter>
    </CustomBuild>
    <CustomBuild Include="RES\te_erase.cur">
      <Filter>Resource Files</Filter>
    </CustomBuild>
    <CustomBuild Include="RES\te_heigh.cur">
      <Filter>Resource Files</Filter>
    </CustomBuild>
    <CustomBuild Include="RES\te_layer.cur">
      <Filter>Resource Files</Filter>
    </CustomBuild>
    <CustomBuild Include="RES\te_max1.cur">
      <Filter>Resource Files</Filter>
    </CustomBuild>
    <CustomBuild Include="RES\te_min1.cur">
      <Filter>Resource Files</Filter>
    </CustomBuild>
    <CustomBuild Include="RES\te_noise.cur">
      <Filter>Resource Files</Filter>
    </CustomBuild>
    <CustomBuild Include="RES\te_pick.cur">
      <Filter>Resource Files</Filter>
    </CustomBuild>
    <CustomBuild Include="RES\te_pick1.cur">
      <Filter>Resource Files</Filter>
    </CustomBuild>
    <CustomBuild Include="RES\te_poste.cur">
      <Filter>Resource Files</Filter>
    </CustomBuild>
    <CustomBuild Include="res\TipOfTheDay.bmp">
      <Filter>Resource Files</Filter>
    </CustomBuild>
    <CustomBuild Include="res\Toolbar.bmp">
      <Filter>Resource Files</Filter>
    </CustomBuild>
    <CustomBuild Include="res\toolbar1.bmp">
      <Filter>Resource Files</Filter>
    </CustomBuild>
    <CustomBuild Include="res\view_too.bmp">
      <Filter>Resource Files</Filter>
    </CustomBuild>
    <CustomBuild Include="res\WorldEditor.ico">
      <Filter>Resource Files</Filter>
    </CustomBuild>
    <CustomBuild Include="res\WorldEditor.rc2">
      <Filter>Resource Files</Filter>
    </CustomBuild>
    <CustomBuild Include="res\WorldEditorDoc.ico">
      <Filter>Resource Files</Filter>
    </CustomBuild>
    <CustomBuild Include="WorldEditor.clw">
      <Filter>Wizard Files</Filter>
    </CustomBuild>
  </ItemGroup>
</Project>